// !$*UTF8*$!
{
	archiveVersion = 1;
	classes = {
	};
	objectVersion = 50;
	objects = {

/* Begin PBXBuildFile section */
		4E5BB9D32535D215001C5337 /* AccountTableViewCell.swift in Sources */ = {isa = PBXBuildFile; fileRef = 4E5BB9D22535D215001C5337 /* AccountTableViewCell.swift */; };
		4E5BB9D52535D2AA001C5337 /* Assets.xcassets in Resources */ = {isa = PBXBuildFile; fileRef = 4E5BB9D42535D2A9001C5337 /* Assets.xcassets */; };
		4E5BB9D72535D3C5001C5337 /* TestAccountsViewController.swift in Sources */ = {isa = PBXBuildFile; fileRef = 4E5BB9D62535D3C5001C5337 /* TestAccountsViewController.swift */; };
		4E5BB9DA2535D503001C5337 /* TestAccount.storyboard in Resources */ = {isa = PBXBuildFile; fileRef = 4E5BB9DC2535D503001C5337 /* TestAccount.storyboard */; };
		4E5BB9DF2535D534001C5337 /* Localizable.strings in Resources */ = {isa = PBXBuildFile; fileRef = 4E5BB9DD2535D534001C5337 /* Localizable.strings */; };
		4E5BB9E22535D638001C5337 /* TestAccountKitEx.swift in Sources */ = {isa = PBXBuildFile; fileRef = 4E5BB9E12535D638001C5337 /* TestAccountKitEx.swift */; };
		4E6ECD8824F68A9E00225EBE /* CustomTestAccountListProducation.plist in Resources */ = {isa = PBXBuildFile; fileRef = 4E6ECD8424F68A9E00225EBE /* CustomTestAccountListProducation.plist */; };
		4E6ECD8B24F68A9E00225EBE /* CustomTestAccountListDevelopment.plist in Resources */ = {isa = PBXBuildFile; fileRef = 4E6ECD8724F68A9E00225EBE /* CustomTestAccountListDevelopment.plist */; };
		4E6ECD8D24F68B1900225EBE /* LoginWithUserNameWithCustomePlistViewController.swift in Sources */ = {isa = PBXBuildFile; fileRef = 4E6ECD8C24F68B1900225EBE /* LoginWithUserNameWithCustomePlistViewController.swift */; };
		4E6ECD8F24F692B800225EBE /* LoginWithPhoneNumberWithCustomePlistViewController.swift in Sources */ = {isa = PBXBuildFile; fileRef = 4E6ECD8E24F692B800225EBE /* LoginWithPhoneNumberWithCustomePlistViewController.swift */; };
		4EF3337F24CEDFB500A547FD /* TestAccountKit.h in Headers */ = {isa = PBXBuildFile; fileRef = 4EF3337D24CEDFB500A547FD /* TestAccountKit.h */; settings = {ATTRIBUTES = (Public, ); }; };
		4EF3338C24CEDFE000A547FD /* AppDelegate.swift in Sources */ = {isa = PBXBuildFile; fileRef = 4EF3338B24CEDFE000A547FD /* AppDelegate.swift */; };
		4EF3338E24CEDFE000A547FD /* SceneDelegate.swift in Sources */ = {isa = PBXBuildFile; fileRef = 4EF3338D24CEDFE000A547FD /* SceneDelegate.swift */; };
		4EF3339024CEDFE000A547FD /* LoginWithUserNameViewController.swift in Sources */ = {isa = PBXBuildFile; fileRef = 4EF3338F24CEDFE000A547FD /* LoginWithUserNameViewController.swift */; };
		4EF3339524CEDFE200A547FD /* Assets.xcassets in Resources */ = {isa = PBXBuildFile; fileRef = 4EF3339424CEDFE200A547FD /* Assets.xcassets */; };
		4EF3339824CEDFE200A547FD /* LaunchScreen.storyboard in Resources */ = {isa = PBXBuildFile; fileRef = 4EF3339624CEDFE200A547FD /* LaunchScreen.storyboard */; };
		4EF333A024CEE04600A547FD /* TestAccountList.swift in Sources */ = {isa = PBXBuildFile; fileRef = 4EF3339D24CEE04600A547FD /* TestAccountList.swift */; };
		4EF333A124CEE04600A547FD /* TestAccountObject.swift in Sources */ = {isa = PBXBuildFile; fileRef = 4EF3339E24CEE04600A547FD /* TestAccountObject.swift */; };
		4EF333A224CEE04600A547FD /* TestAccountManager.swift in Sources */ = {isa = PBXBuildFile; fileRef = 4EF3339F24CEE04600A547FD /* TestAccountManager.swift */; };
		4EF333A624CEE0D400A547FD /* TestAccountListDevelopment.plist in Resources */ = {isa = PBXBuildFile; fileRef = 4EF333A424CEE0D400A547FD /* TestAccountListDevelopment.plist */; };
		4EF333A724CEE0D400A547FD /* TestAccountListProducation.plist in Resources */ = {isa = PBXBuildFile; fileRef = 4EF333A524CEE0D400A547FD /* TestAccountListProducation.plist */; };
		4EF333A924CEE3FA00A547FD /* LoginWithPhoneNumberViewController.swift in Sources */ = {isa = PBXBuildFile; fileRef = 4EF333A824CEE3FA00A547FD /* LoginWithPhoneNumberViewController.swift */; };
		4EF333B024CEF2C700A547FD /* LoginWithEmailViewController.swift in Sources */ = {isa = PBXBuildFile; fileRef = 4EF333AF24CEF2C700A547FD /* LoginWithEmailViewController.swift */; };
		4EF333B324CEF46A00A547FD /* Main.storyboard in Resources */ = {isa = PBXBuildFile; fileRef = 4EF333B124CEF46900A547FD /* Main.storyboard */; };
/* End PBXBuildFile section */

/* Begin PBXFileReference section */
		4E5BB9D22535D215001C5337 /* AccountTableViewCell.swift */ = {isa = PBXFileReference; lastKnownFileType = sourcecode.swift; path = AccountTableViewCell.swift; sourceTree = "<group>"; };
		4E5BB9D42535D2A9001C5337 /* Assets.xcassets */ = {isa = PBXFileReference; lastKnownFileType = folder.assetcatalog; path = Assets.xcassets; sourceTree = "<group>"; };
		4E5BB9D62535D3C5001C5337 /* TestAccountsViewController.swift */ = {isa = PBXFileReference; fileEncoding = 4; lastKnownFileType = sourcecode.swift; path = TestAccountsViewController.swift; sourceTree = "<group>"; };
		4E5BB9D82535D4BB001C5337 /* ar */ = {isa = PBXFileReference; lastKnownFileType = text.plist.strings; name = ar; path = ar.lproj/Main.strings; sourceTree = "<group>"; };
		4E5BB9D92535D4BB001C5337 /* ar */ = {isa = PBXFileReference; lastKnownFileType = text.plist.strings; name = ar; path = ar.lproj/LaunchScreen.strings; sourceTree = "<group>"; };
		4E5BB9DB2535D503001C5337 /* Base */ = {isa = PBXFileReference; lastKnownFileType = file.storyboard; name = Base; path = Base.lproj/TestAccount.storyboard; sourceTree = "<group>"; };
		4E5BB9DE2535D534001C5337 /* ar */ = {isa = PBXFileReference; lastKnownFileType = text.plist.strings; name = ar; path = ar.lproj/Localizable.strings; sourceTree = "<group>"; };
		4E5BB9E02535D53B001C5337 /* en */ = {isa = PBXFileReference; lastKnownFileType = text.plist.strings; name = en; path = en.lproj/Localizable.strings; sourceTree = "<group>"; };
		4E5BB9E12535D638001C5337 /* TestAccountKitEx.swift */ = {isa = PBXFileReference; fileEncoding = 4; lastKnownFileType = sourcecode.swift; path = TestAccountKitEx.swift; sourceTree = "<group>"; };
		4E6ECD8424F68A9E00225EBE /* CustomTestAccountListProducation.plist */ = {isa = PBXFileReference; fileEncoding = 4; lastKnownFileType = text.plist.xml; path = CustomTestAccountListProducation.plist; sourceTree = "<group>"; };
		4E6ECD8724F68A9E00225EBE /* CustomTestAccountListDevelopment.plist */ = {isa = PBXFileReference; fileEncoding = 4; lastKnownFileType = text.plist.xml; path = CustomTestAccountListDevelopment.plist; sourceTree = "<group>"; };
		4E6ECD8C24F68B1900225EBE /* LoginWithUserNameWithCustomePlistViewController.swift */ = {isa = PBXFileReference; lastKnownFileType = sourcecode.swift; path = LoginWithUserNameWithCustomePlistViewController.swift; sourceTree = "<group>"; };
		4E6ECD8E24F692B800225EBE /* LoginWithPhoneNumberWithCustomePlistViewController.swift */ = {isa = PBXFileReference; fileEncoding = 4; lastKnownFileType = sourcecode.swift; path = LoginWithPhoneNumberWithCustomePlistViewController.swift; sourceTree = "<group>"; };
		4EBA8BD824FC25EE002718D5 /* Info.plist */ = {isa = PBXFileReference; fileEncoding = 4; lastKnownFileType = text.plist.xml; path = Info.plist; sourceTree = "<group>"; };
		4EF3337A24CEDFB500A547FD /* TestAccountKit.framework */ = {isa = PBXFileReference; explicitFileType = wrapper.framework; includeInIndex = 0; path = TestAccountKit.framework; sourceTree = BUILT_PRODUCTS_DIR; };
		4EF3337D24CEDFB500A547FD /* TestAccountKit.h */ = {isa = PBXFileReference; lastKnownFileType = sourcecode.c.h; path = TestAccountKit.h; sourceTree = "<group>"; };
		4EF3338924CEDFE000A547FD /* TestAccountKitExample.app */ = {isa = PBXFileReference; explicitFileType = wrapper.application; includeInIndex = 0; path = TestAccountKitExample.app; sourceTree = BUILT_PRODUCTS_DIR; };
		4EF3338B24CEDFE000A547FD /* AppDelegate.swift */ = {isa = PBXFileReference; lastKnownFileType = sourcecode.swift; path = AppDelegate.swift; sourceTree = "<group>"; };
		4EF3338D24CEDFE000A547FD /* SceneDelegate.swift */ = {isa = PBXFileReference; lastKnownFileType = sourcecode.swift; path = SceneDelegate.swift; sourceTree = "<group>"; };
		4EF3338F24CEDFE000A547FD /* LoginWithUserNameViewController.swift */ = {isa = PBXFileReference; lastKnownFileType = sourcecode.swift; path = LoginWithUserNameViewController.swift; sourceTree = "<group>"; };
		4EF3339424CEDFE200A547FD /* Assets.xcassets */ = {isa = PBXFileReference; lastKnownFileType = folder.assetcatalog; path = Assets.xcassets; sourceTree = "<group>"; };
		4EF3339724CEDFE200A547FD /* Base */ = {isa = PBXFileReference; lastKnownFileType = file.storyboard; name = Base; path = Base.lproj/LaunchScreen.storyboard; sourceTree = "<group>"; };
		4EF3339924CEDFE200A547FD /* Info.plist */ = {isa = PBXFileReference; lastKnownFileType = text.plist.xml; path = Info.plist; sourceTree = "<group>"; };
		4EF3339D24CEE04600A547FD /* TestAccountList.swift */ = {isa = PBXFileReference; fileEncoding = 4; lastKnownFileType = sourcecode.swift; path = TestAccountList.swift; sourceTree = "<group>"; };
		4EF3339E24CEE04600A547FD /* TestAccountObject.swift */ = {isa = PBXFileReference; fileEncoding = 4; lastKnownFileType = sourcecode.swift; path = TestAccountObject.swift; sourceTree = "<group>"; };
		4EF3339F24CEE04600A547FD /* TestAccountManager.swift */ = {isa = PBXFileReference; fileEncoding = 4; lastKnownFileType = sourcecode.swift; path = TestAccountManager.swift; sourceTree = "<group>"; };
		4EF333A424CEE0D400A547FD /* TestAccountListDevelopment.plist */ = {isa = PBXFileReference; fileEncoding = 4; lastKnownFileType = text.plist.xml; path = TestAccountListDevelopment.plist; sourceTree = "<group>"; };
		4EF333A524CEE0D400A547FD /* TestAccountListProducation.plist */ = {isa = PBXFileReference; fileEncoding = 4; lastKnownFileType = text.plist.xml; path = TestAccountListProducation.plist; sourceTree = "<group>"; };
		4EF333A824CEE3FA00A547FD /* LoginWithPhoneNumberViewController.swift */ = {isa = PBXFileReference; fileEncoding = 4; lastKnownFileType = sourcecode.swift; path = LoginWithPhoneNumberViewController.swift; sourceTree = "<group>"; };
		4EF333AF24CEF2C700A547FD /* LoginWithEmailViewController.swift */ = {isa = PBXFileReference; fileEncoding = 4; lastKnownFileType = sourcecode.swift; path = LoginWithEmailViewController.swift; sourceTree = "<group>"; };
		4EF333B224CEF46900A547FD /* Base */ = {isa = PBXFileReference; lastKnownFileType = file.storyboard; name = Base; path = Base.lproj/Main.storyboard; sourceTree = "<group>"; };
		5E0F441F23E834B70A2D1135 /* Pods-TestAccountKitExample.release.xcconfig */ = {isa = PBXFileReference; includeInIndex = 1; lastKnownFileType = text.xcconfig; name = "Pods-TestAccountKitExample.release.xcconfig"; path = "Target Support Files/Pods-TestAccountKitExample/Pods-TestAccountKitExample.release.xcconfig"; sourceTree = "<group>"; };
		8059A222844CE900DC71BAC0 /* Pods_TestAccountKitExample.framework */ = {isa = PBXFileReference; explicitFileType = wrapper.framework; includeInIndex = 0; path = Pods_TestAccountKitExample.framework; sourceTree = BUILT_PRODUCTS_DIR; };
		C5A440C4CEDAC973422CCA1D /* Pods-TestAccountKitExample.debug.xcconfig */ = {isa = PBXFileReference; includeInIndex = 1; lastKnownFileType = text.xcconfig; name = "Pods-TestAccountKitExample.debug.xcconfig"; path = "Target Support Files/Pods-TestAccountKitExample/Pods-TestAccountKitExample.debug.xcconfig"; sourceTree = "<group>"; };
/* End PBXFileReference section */

/* Begin PBXFrameworksBuildPhase section */
		4EF3337724CEDFB500A547FD /* Frameworks */ = {
			isa = PBXFrameworksBuildPhase;
			buildActionMask = 2147483647;
			files = (
			);
			runOnlyForDeploymentPostprocessing = 0;
		};
		4EF3338624CEDFE000A547FD /* Frameworks */ = {
			isa = PBXFrameworksBuildPhase;
			buildActionMask = 2147483647;
			files = (
			);
			runOnlyForDeploymentPostprocessing = 0;
		};
/* End PBXFrameworksBuildPhase section */

/* Begin PBXGroup section */
		4E6ECD7E24F6887700225EBE /* Frameworks */ = {
			isa = PBXGroup;
			children = (
				8059A222844CE900DC71BAC0 /* Pods_TestAccountKitExample.framework */,
			);
			name = Frameworks;
			sourceTree = "<group>";
		};
		4EBA8BD724FC25EE002718D5 /* Resources */ = {
			isa = PBXGroup;
			children = (
				4E5BB9DC2535D503001C5337 /* TestAccount.storyboard */,
				4E5BB9DD2535D534001C5337 /* Localizable.strings */,
				4E5BB9D42535D2A9001C5337 /* Assets.xcassets */,
				4EBA8BD824FC25EE002718D5 /* Info.plist */,
			);
			path = Resources;
			sourceTree = "<group>";
		};
		4EF3337024CEDFB500A547FD = {
			isa = PBXGroup;
			children = (
				4EF3337C24CEDFB500A547FD /* TestAccountKit */,
				4EF3338A24CEDFE000A547FD /* TestAccountKitExample */,
				4EF3337B24CEDFB500A547FD /* Products */,
				4E6ECD7E24F6887700225EBE /* Frameworks */,
				D6AC7D21CC35D77F7C4AACF8 /* Pods */,
			);
			sourceTree = "<group>";
		};
		4EF3337B24CEDFB500A547FD /* Products */ = {
			isa = PBXGroup;
			children = (
				4EF3337A24CEDFB500A547FD /* TestAccountKit.framework */,
				4EF3338924CEDFE000A547FD /* TestAccountKitExample.app */,
			);
			name = Products;
			sourceTree = "<group>";
		};
		4EF3337C24CEDFB500A547FD /* TestAccountKit */ = {
			isa = PBXGroup;
			children = (
				4EF3337D24CEDFB500A547FD /* TestAccountKit.h */,
				4E5BB9E12535D638001C5337 /* TestAccountKitEx.swift */,
				4EF3339D24CEE04600A547FD /* TestAccountList.swift */,
				4EF3339F24CEE04600A547FD /* TestAccountManager.swift */,
				4EF3339E24CEE04600A547FD /* TestAccountObject.swift */,
				4E5BB9D62535D3C5001C5337 /* TestAccountsViewController.swift */,
				4E5BB9D22535D215001C5337 /* AccountTableViewCell.swift */,
				4EBA8BD724FC25EE002718D5 /* Resources */,
			);
			path = TestAccountKit;
			sourceTree = "<group>";
		};
		4EF3338A24CEDFE000A547FD /* TestAccountKitExample */ = {
			isa = PBXGroup;
			children = (
				4EF3338B24CEDFE000A547FD /* AppDelegate.swift */,
				4EF3338D24CEDFE000A547FD /* SceneDelegate.swift */,
				4EF3338F24CEDFE000A547FD /* LoginWithUserNameViewController.swift */,
				4EF333A824CEE3FA00A547FD /* LoginWithPhoneNumberViewController.swift */,
				4EF333AF24CEF2C700A547FD /* LoginWithEmailViewController.swift */,
				4E6ECD8C24F68B1900225EBE /* LoginWithUserNameWithCustomePlistViewController.swift */,
				4E6ECD8E24F692B800225EBE /* LoginWithPhoneNumberWithCustomePlistViewController.swift */,
				4EF333B124CEF46900A547FD /* Main.storyboard */,
				4EF333A324CEE0D400A547FD /* Plist */,
				4EF3339424CEDFE200A547FD /* Assets.xcassets */,
				4EF3339624CEDFE200A547FD /* LaunchScreen.storyboard */,
				4EF3339924CEDFE200A547FD /* Info.plist */,
			);
			path = TestAccountKitExample;
			sourceTree = "<group>";
		};
		4EF333A324CEE0D400A547FD /* Plist */ = {
			isa = PBXGroup;
			children = (
				4EF333A424CEE0D400A547FD /* TestAccountListDevelopment.plist */,
				4EF333A524CEE0D400A547FD /* TestAccountListProducation.plist */,
				4E6ECD8724F68A9E00225EBE /* CustomTestAccountListDevelopment.plist */,
				4E6ECD8424F68A9E00225EBE /* CustomTestAccountListProducation.plist */,
			);
			path = Plist;
			sourceTree = "<group>";
		};
		D6AC7D21CC35D77F7C4AACF8 /* Pods */ = {
			isa = PBXGroup;
			children = (
				C5A440C4CEDAC973422CCA1D /* Pods-TestAccountKitExample.debug.xcconfig */,
				5E0F441F23E834B70A2D1135 /* Pods-TestAccountKitExample.release.xcconfig */,
			);
			path = Pods;
			sourceTree = "<group>";
		};
/* End PBXGroup section */

/* Begin PBXHeadersBuildPhase section */
		4EF3337524CEDFB500A547FD /* Headers */ = {
			isa = PBXHeadersBuildPhase;
			buildActionMask = 2147483647;
			files = (
				4EF3337F24CEDFB500A547FD /* TestAccountKit.h in Headers */,
			);
			runOnlyForDeploymentPostprocessing = 0;
		};
/* End PBXHeadersBuildPhase section */

/* Begin PBXNativeTarget section */
		4EF3337924CEDFB500A547FD /* TestAccountKit */ = {
			isa = PBXNativeTarget;
			buildConfigurationList = 4EF3338224CEDFB500A547FD /* Build configuration list for PBXNativeTarget "TestAccountKit" */;
			buildPhases = (
				4EF3337524CEDFB500A547FD /* Headers */,
				4EF3337624CEDFB500A547FD /* Sources */,
				4EF3337724CEDFB500A547FD /* Frameworks */,
				4EF3337824CEDFB500A547FD /* Resources */,
			);
			buildRules = (
			);
			dependencies = (
			);
			name = TestAccountKit;
			productName = TestAccountKit;
			productReference = 4EF3337A24CEDFB500A547FD /* TestAccountKit.framework */;
			productType = "com.apple.product-type.framework";
		};
		4EF3338824CEDFE000A547FD /* TestAccountKitExample */ = {
			isa = PBXNativeTarget;
			buildConfigurationList = 4EF3339A24CEDFE200A547FD /* Build configuration list for PBXNativeTarget "TestAccountKitExample" */;
			buildPhases = (
				CDBD0DCF6AD3A7B930BE9D0A /* [CP] Check Pods Manifest.lock */,
				4EF3338524CEDFE000A547FD /* Sources */,
				4EF3338624CEDFE000A547FD /* Frameworks */,
				4EF3338724CEDFE000A547FD /* Resources */,
			);
			buildRules = (
			);
			dependencies = (
			);
			name = TestAccountKitExample;
			productName = TestAccountKitExample;
			productReference = 4EF3338924CEDFE000A547FD /* TestAccountKitExample.app */;
			productType = "com.apple.product-type.application";
		};
/* End PBXNativeTarget section */

/* Begin PBXProject section */
		4EF3337124CEDFB500A547FD /* Project object */ = {
			isa = PBXProject;
			attributes = {
				LastSwiftUpdateCheck = 1150;
				LastUpgradeCheck = 1150;
				ORGANIZATIONNAME = Salah;
				TargetAttributes = {
					4EF3337924CEDFB500A547FD = {
						CreatedOnToolsVersion = 11.5;
						LastSwiftMigration = 1150;
					};
					4EF3338824CEDFE000A547FD = {
						CreatedOnToolsVersion = 11.5;
					};
				};
			};
			buildConfigurationList = 4EF3337424CEDFB500A547FD /* Build configuration list for PBXProject "TestAccountKit" */;
			compatibilityVersion = "Xcode 9.3";
			developmentRegion = en;
			hasScannedForEncodings = 0;
			knownRegions = (
				en,
				Base,
				ar,
			);
			mainGroup = 4EF3337024CEDFB500A547FD;
			productRefGroup = 4EF3337B24CEDFB500A547FD /* Products */;
			projectDirPath = "";
			projectRoot = "";
			targets = (
				4EF3337924CEDFB500A547FD /* TestAccountKit */,
				4EF3338824CEDFE000A547FD /* TestAccountKitExample */,
			);
		};
/* End PBXProject section */

/* Begin PBXResourcesBuildPhase section */
		4EF3337824CEDFB500A547FD /* Resources */ = {
			isa = PBXResourcesBuildPhase;
			buildActionMask = 2147483647;
			files = (
				4E5BB9D52535D2AA001C5337 /* Assets.xcassets in Resources */,
				4E5BB9DF2535D534001C5337 /* Localizable.strings in Resources */,
				4E5BB9DA2535D503001C5337 /* TestAccount.storyboard in Resources */,
			);
			runOnlyForDeploymentPostprocessing = 0;
		};
		4EF3338724CEDFE000A547FD /* Resources */ = {
			isa = PBXResourcesBuildPhase;
			buildActionMask = 2147483647;
			files = (
				4EF333A624CEE0D400A547FD /* TestAccountListDevelopment.plist in Resources */,
				4EF333A724CEE0D400A547FD /* TestAccountListProducation.plist in Resources */,
				4EF333B324CEF46A00A547FD /* Main.storyboard in Resources */,
				4EF3339824CEDFE200A547FD /* LaunchScreen.storyboard in Resources */,
				4E6ECD8824F68A9E00225EBE /* CustomTestAccountListProducation.plist in Resources */,
				4EF3339524CEDFE200A547FD /* Assets.xcassets in Resources */,
				4E6ECD8B24F68A9E00225EBE /* CustomTestAccountListDevelopment.plist in Resources */,
			);
			runOnlyForDeploymentPostprocessing = 0;
		};
/* End PBXResourcesBuildPhase section */

/* Begin PBXShellScriptBuildPhase section */
		CDBD0DCF6AD3A7B930BE9D0A /* [CP] Check Pods Manifest.lock */ = {
			isa = PBXShellScriptBuildPhase;
			buildActionMask = 2147483647;
			files = (
			);
			inputFileListPaths = (
			);
			inputPaths = (
				"${PODS_PODFILE_DIR_PATH}/Podfile.lock",
				"${PODS_ROOT}/Manifest.lock",
			);
			name = "[CP] Check Pods Manifest.lock";
			outputFileListPaths = (
			);
			outputPaths = (
				"$(DERIVED_FILE_DIR)/Pods-TestAccountKitExample-checkManifestLockResult.txt",
			);
			runOnlyForDeploymentPostprocessing = 0;
			shellPath = /bin/sh;
			shellScript = "diff \"${PODS_PODFILE_DIR_PATH}/Podfile.lock\" \"${PODS_ROOT}/Manifest.lock\" > /dev/null\nif [ $? != 0 ] ; then\n    # print error to STDERR\n    echo \"error: The sandbox is not in sync with the Podfile.lock. Run 'pod install' or update your CocoaPods installation.\" >&2\n    exit 1\nfi\n# This output is used by Xcode 'outputs' to avoid re-running this script phase.\necho \"SUCCESS\" > \"${SCRIPT_OUTPUT_FILE_0}\"\n";
			showEnvVarsInLog = 0;
		};
/* End PBXShellScriptBuildPhase section */

/* Begin PBXSourcesBuildPhase section */
		4EF3337624CEDFB500A547FD /* Sources */ = {
			isa = PBXSourcesBuildPhase;
			buildActionMask = 2147483647;
			files = (
				4EF333A224CEE04600A547FD /* TestAccountManager.swift in Sources */,
				4E5BB9D32535D215001C5337 /* AccountTableViewCell.swift in Sources */,
				4EF333A124CEE04600A547FD /* TestAccountObject.swift in Sources */,
				4E5BB9D72535D3C5001C5337 /* TestAccountsViewController.swift in Sources */,
				4EF333A024CEE04600A547FD /* TestAccountList.swift in Sources */,
				4E5BB9E22535D638001C5337 /* TestAccountKitEx.swift in Sources */,
			);
			runOnlyForDeploymentPostprocessing = 0;
		};
		4EF3338524CEDFE000A547FD /* Sources */ = {
			isa = PBXSourcesBuildPhase;
			buildActionMask = 2147483647;
			files = (
				4EF3339024CEDFE000A547FD /* LoginWithUserNameViewController.swift in Sources */,
				4EF3338C24CEDFE000A547FD /* AppDelegate.swift in Sources */,
				4E6ECD8D24F68B1900225EBE /* LoginWithUserNameWithCustomePlistViewController.swift in Sources */,
				4EF333B024CEF2C700A547FD /* LoginWithEmailViewController.swift in Sources */,
				4E6ECD8F24F692B800225EBE /* LoginWithPhoneNumberWithCustomePlistViewController.swift in Sources */,
				4EF333A924CEE3FA00A547FD /* LoginWithPhoneNumberViewController.swift in Sources */,
				4EF3338E24CEDFE000A547FD /* SceneDelegate.swift in Sources */,
			);
			runOnlyForDeploymentPostprocessing = 0;
		};
/* End PBXSourcesBuildPhase section */

/* Begin PBXVariantGroup section */
		4E5BB9DC2535D503001C5337 /* TestAccount.storyboard */ = {
			isa = PBXVariantGroup;
			children = (
				4E5BB9DB2535D503001C5337 /* Base */,
			);
			name = TestAccount.storyboard;
			sourceTree = "<group>";
		};
		4E5BB9DD2535D534001C5337 /* Localizable.strings */ = {
			isa = PBXVariantGroup;
			children = (
				4E5BB9DE2535D534001C5337 /* ar */,
				4E5BB9E02535D53B001C5337 /* en */,
			);
			name = Localizable.strings;
			sourceTree = "<group>";
		};
		4EF3339624CEDFE200A547FD /* LaunchScreen.storyboard */ = {
			isa = PBXVariantGroup;
			children = (
				4EF3339724CEDFE200A547FD /* Base */,
				4E5BB9D92535D4BB001C5337 /* ar */,
			);
			name = LaunchScreen.storyboard;
			sourceTree = "<group>";
		};
		4EF333B124CEF46900A547FD /* Main.storyboard */ = {
			isa = PBXVariantGroup;
			children = (
				4EF333B224CEF46900A547FD /* Base */,
				4E5BB9D82535D4BB001C5337 /* ar */,
			);
			name = Main.storyboard;
			sourceTree = "<group>";
		};
/* End PBXVariantGroup section */

/* Begin XCBuildConfiguration section */
		4EF3338024CEDFB500A547FD /* Debug */ = {
			isa = XCBuildConfiguration;
			buildSettings = {
				ALWAYS_SEARCH_USER_PATHS = NO;
				CLANG_ANALYZER_LOCALIZABILITY_NONLOCALIZED = YES;
				CLANG_ANALYZER_NONNULL = YES;
				CLANG_ANALYZER_NUMBER_OBJECT_CONVERSION = YES_AGGRESSIVE;
				CLANG_CXX_LANGUAGE_STANDARD = "gnu++14";
				CLANG_CXX_LIBRARY = "libc++";
				CLANG_ENABLE_MODULES = YES;
				CLANG_ENABLE_OBJC_ARC = YES;
				CLANG_ENABLE_OBJC_WEAK = YES;
				CLANG_WARN_BLOCK_CAPTURE_AUTORELEASING = YES;
				CLANG_WARN_BOOL_CONVERSION = YES;
				CLANG_WARN_COMMA = YES;
				CLANG_WARN_CONSTANT_CONVERSION = YES;
				CLANG_WARN_DEPRECATED_OBJC_IMPLEMENTATIONS = YES;
				CLANG_WARN_DIRECT_OBJC_ISA_USAGE = YES_ERROR;
				CLANG_WARN_DOCUMENTATION_COMMENTS = YES;
				CLANG_WARN_EMPTY_BODY = YES;
				CLANG_WARN_ENUM_CONVERSION = YES;
				CLANG_WARN_INFINITE_RECURSION = YES;
				CLANG_WARN_INT_CONVERSION = YES;
				CLANG_WARN_NON_LITERAL_NULL_CONVERSION = YES;
				CLANG_WARN_OBJC_IMPLICIT_RETAIN_SELF = YES;
				CLANG_WARN_OBJC_LITERAL_CONVERSION = YES;
				CLANG_WARN_OBJC_ROOT_CLASS = YES_ERROR;
				CLANG_WARN_RANGE_LOOP_ANALYSIS = YES;
				CLANG_WARN_STRICT_PROTOTYPES = YES;
				CLANG_WARN_SUSPICIOUS_MOVE = YES;
				CLANG_WARN_UNGUARDED_AVAILABILITY = YES_AGGRESSIVE;
				CLANG_WARN_UNREACHABLE_CODE = YES;
				CLANG_WARN__DUPLICATE_METHOD_MATCH = YES;
				COPY_PHASE_STRIP = NO;
				CURRENT_PROJECT_VERSION = 1;
				DEBUG_INFORMATION_FORMAT = dwarf;
				ENABLE_STRICT_OBJC_MSGSEND = YES;
				ENABLE_TESTABILITY = YES;
				GCC_C_LANGUAGE_STANDARD = gnu11;
				GCC_DYNAMIC_NO_PIC = NO;
				GCC_NO_COMMON_BLOCKS = YES;
				GCC_OPTIMIZATION_LEVEL = 0;
				GCC_PREPROCESSOR_DEFINITIONS = (
					"DEBUG=1",
					"$(inherited)",
				);
				GCC_WARN_64_TO_32_BIT_CONVERSION = YES;
				GCC_WARN_ABOUT_RETURN_TYPE = YES_ERROR;
				GCC_WARN_UNDECLARED_SELECTOR = YES;
				GCC_WARN_UNINITIALIZED_AUTOS = YES_AGGRESSIVE;
				GCC_WARN_UNUSED_FUNCTION = YES;
				GCC_WARN_UNUSED_VARIABLE = YES;
				IPHONEOS_DEPLOYMENT_TARGET = 13.0;
				MTL_ENABLE_DEBUG_INFO = INCLUDE_SOURCE;
				MTL_FAST_MATH = YES;
				ONLY_ACTIVE_ARCH = YES;
				SDKROOT = iphoneos;
				SWIFT_ACTIVE_COMPILATION_CONDITIONS = DEBUG;
				SWIFT_OPTIMIZATION_LEVEL = "-Onone";
				VERSIONING_SYSTEM = "apple-generic";
				VERSION_INFO_PREFIX = "";
			};
			name = Debug;
		};
		4EF3338124CEDFB500A547FD /* Release */ = {
			isa = XCBuildConfiguration;
			buildSettings = {
				ALWAYS_SEARCH_USER_PATHS = NO;
				CLANG_ANALYZER_LOCALIZABILITY_NONLOCALIZED = YES;
				CLANG_ANALYZER_NONNULL = YES;
				CLANG_ANALYZER_NUMBER_OBJECT_CONVERSION = YES_AGGRESSIVE;
				CLANG_CXX_LANGUAGE_STANDARD = "gnu++14";
				CLANG_CXX_LIBRARY = "libc++";
				CLANG_ENABLE_MODULES = YES;
				CLANG_ENABLE_OBJC_ARC = YES;
				CLANG_ENABLE_OBJC_WEAK = YES;
				CLANG_WARN_BLOCK_CAPTURE_AUTORELEASING = YES;
				CLANG_WARN_BOOL_CONVERSION = YES;
				CLANG_WARN_COMMA = YES;
				CLANG_WARN_CONSTANT_CONVERSION = YES;
				CLANG_WARN_DEPRECATED_OBJC_IMPLEMENTATIONS = YES;
				CLANG_WARN_DIRECT_OBJC_ISA_USAGE = YES_ERROR;
				CLANG_WARN_DOCUMENTATION_COMMENTS = YES;
				CLANG_WARN_EMPTY_BODY = YES;
				CLANG_WARN_ENUM_CONVERSION = YES;
				CLANG_WARN_INFINITE_RECURSION = YES;
				CLANG_WARN_INT_CONVERSION = YES;
				CLANG_WARN_NON_LITERAL_NULL_CONVERSION = YES;
				CLANG_WARN_OBJC_IMPLICIT_RETAIN_SELF = YES;
				CLANG_WARN_OBJC_LITERAL_CONVERSION = YES;
				CLANG_WARN_OBJC_ROOT_CLASS = YES_ERROR;
				CLANG_WARN_RANGE_LOOP_ANALYSIS = YES;
				CLANG_WARN_STRICT_PROTOTYPES = YES;
				CLANG_WARN_SUSPICIOUS_MOVE = YES;
				CLANG_WARN_UNGUARDED_AVAILABILITY = YES_AGGRESSIVE;
				CLANG_WARN_UNREACHABLE_CODE = YES;
				CLANG_WARN__DUPLICATE_METHOD_MATCH = YES;
				COPY_PHASE_STRIP = NO;
				CURRENT_PROJECT_VERSION = 1;
				DEBUG_INFORMATION_FORMAT = "dwarf-with-dsym";
				ENABLE_NS_ASSERTIONS = NO;
				ENABLE_STRICT_OBJC_MSGSEND = YES;
				GCC_C_LANGUAGE_STANDARD = gnu11;
				GCC_NO_COMMON_BLOCKS = YES;
				GCC_WARN_64_TO_32_BIT_CONVERSION = YES;
				GCC_WARN_ABOUT_RETURN_TYPE = YES_ERROR;
				GCC_WARN_UNDECLARED_SELECTOR = YES;
				GCC_WARN_UNINITIALIZED_AUTOS = YES_AGGRESSIVE;
				GCC_WARN_UNUSED_FUNCTION = YES;
				GCC_WARN_UNUSED_VARIABLE = YES;
				IPHONEOS_DEPLOYMENT_TARGET = 13.0;
				MTL_ENABLE_DEBUG_INFO = NO;
				MTL_FAST_MATH = YES;
				SDKROOT = iphoneos;
				SWIFT_COMPILATION_MODE = wholemodule;
				SWIFT_OPTIMIZATION_LEVEL = "-O";
				VALIDATE_PRODUCT = YES;
				VERSIONING_SYSTEM = "apple-generic";
				VERSION_INFO_PREFIX = "";
			};
			name = Release;
		};
		4EF3338324CEDFB500A547FD /* Debug */ = {
			isa = XCBuildConfiguration;
			buildSettings = {
				CLANG_ENABLE_MODULES = YES;
				CODE_SIGN_STYLE = Automatic;
				DEFINES_MODULE = YES;
				DEVELOPMENT_TEAM = 8C7RSZ7C3V;
				DYLIB_COMPATIBILITY_VERSION = 1;
				DYLIB_CURRENT_VERSION = 1;
				DYLIB_INSTALL_NAME_BASE = "@rpath";
				INFOPLIST_FILE = TestAccountKit/Resources/Info.plist;
				INSTALL_PATH = "$(LOCAL_LIBRARY_DIR)/Frameworks";
				IPHONEOS_DEPLOYMENT_TARGET = 13.0;
				LD_RUNPATH_SEARCH_PATHS = (
					"$(inherited)",
					"@executable_path/Frameworks",
					"@loader_path/Frameworks",
				);
				PRODUCT_BUNDLE_IDENTIFIER = com.salahmohamed.TestAccountKit;
				PRODUCT_NAME = "$(TARGET_NAME:c99extidentifier)";
				SKIP_INSTALL = YES;
				SWIFT_OPTIMIZATION_LEVEL = "-Onone";
				SWIFT_VERSION = 5.0;
				TARGETED_DEVICE_FAMILY = "1,2";
			};
			name = Debug;
		};
		4EF3338424CEDFB500A547FD /* Release */ = {
			isa = XCBuildConfiguration;
			buildSettings = {
				CLANG_ENABLE_MODULES = YES;
				CODE_SIGN_STYLE = Automatic;
				DEFINES_MODULE = YES;
				DEVELOPMENT_TEAM = 8C7RSZ7C3V;
				DYLIB_COMPATIBILITY_VERSION = 1;
				DYLIB_CURRENT_VERSION = 1;
				DYLIB_INSTALL_NAME_BASE = "@rpath";
				INFOPLIST_FILE = TestAccountKit/Resources/Info.plist;
				INSTALL_PATH = "$(LOCAL_LIBRARY_DIR)/Frameworks";
				IPHONEOS_DEPLOYMENT_TARGET = 13.0;
				LD_RUNPATH_SEARCH_PATHS = (
					"$(inherited)",
					"@executable_path/Frameworks",
					"@loader_path/Frameworks",
				);
				PRODUCT_BUNDLE_IDENTIFIER = com.salahmohamed.TestAccountKit;
				PRODUCT_NAME = "$(TARGET_NAME:c99extidentifier)";
				SKIP_INSTALL = YES;
				SWIFT_VERSION = 5.0;
				TARGETED_DEVICE_FAMILY = "1,2";
			};
			name = Release;
		};
		4EF3339B24CEDFE200A547FD /* Debug */ = {
			isa = XCBuildConfiguration;
			baseConfigurationReference = C5A440C4CEDAC973422CCA1D /* Pods-TestAccountKitExample.debug.xcconfig */;
			buildSettings = {
				ASSETCATALOG_COMPILER_APPICON_NAME = AppIcon;
				CODE_SIGN_STYLE = Automatic;
				DEVELOPMENT_TEAM = 8C7RSZ7C3V;
				INFOPLIST_FILE = TestAccountKitExample/Info.plist;
				IPHONEOS_DEPLOYMENT_TARGET = 13.0;
				LD_RUNPATH_SEARCH_PATHS = (
					"$(inherited)",
					"@executable_path/Frameworks",
				);
				PRODUCT_BUNDLE_IDENTIFIER = com.salahmohamed.TestAccountKitExample;
				PRODUCT_NAME = "$(TARGET_NAME)";
				SWIFT_VERSION = 5.0;
				TARGETED_DEVICE_FAMILY = "1,2";
			};
			name = Debug;
		};
		4EF3339C24CEDFE200A547FD /* Release */ = {
			isa = XCBuildConfiguration;
			baseConfigurationReference = 5E0F441F23E834B70A2D1135 /* Pods-TestAccountKitExample.release.xcconfig */;
			buildSettings = {
				ASSETCATALOG_COMPILER_APPICON_NAME = AppIcon;
				CODE_SIGN_STYLE = Automatic;
				DEVELOPMENT_TEAM = 8C7RSZ7C3V;
				INFOPLIST_FILE = TestAccountKitExample/Info.plist;
				IPHONEOS_DEPLOYMENT_TARGET = 13.0;
				LD_RUNPATH_SEARCH_PATHS = (
					"$(inherited)",
					"@executable_path/Frameworks",
				);
				PRODUCT_BUNDLE_IDENTIFIER = com.salahmohamed.TestAccountKitExample;
				PRODUCT_NAME = "$(TARGET_NAME)";
				SWIFT_VERSION = 5.0;
				TARGETED_DEVICE_FAMILY = "1,2";
			};
			name = Release;
		};
/* End XCBuildConfiguration section */

/* Begin XCConfigurationList section */
		4EF3337424CEDFB500A547FD /* Build configuration list for PBXProject "TestAccountKit" */ = {
			isa = XCConfigurationList;
			buildConfigurations = (
				4EF3338024CEDFB500A547FD /* Debug */,
				4EF3338124CEDFB500A547FD /* Release */,
			);
			defaultConfigurationIsVisible = 0;
			defaultConfigurationName = Release;
		};
		4EF3338224CEDFB500A547FD /* Build configuration list for PBXNativeTarget "TestAccountKit" */ = {
			isa = XCConfigurationList;
			buildConfigurations = (
				4EF3338324CEDFB500A547FD /* Debug */,
				4EF3338424CEDFB500A547FD /* Release */,
			);
			defaultConfigurationIsVisible = 0;
			defaultConfigurationName = Release;
		};
		4EF3339A24CEDFE200A547FD /* Build configuration list for PBXNativeTarget "TestAccountKitExample" */ = {
			isa = XCConfigurationList;
			buildConfigurations = (
				4EF3339B24CEDFE200A547FD /* Debug */,
				4EF3339C24CEDFE200A547FD /* Release */,
			);
			defaultConfigurationIsVisible = 0;
			defaultConfigurationName = Release;
		};
/* End XCConfigurationList section */
	};
	rootObject = 4EF3337124CEDFB500A547FD /* Project object */;
}
